
Microsoft Visual Studio Solution File, Format Version 11.00
# Visual Studio 2010
Project("{8BC9CEB8-8B4A-11D0-8D11-00A0C91BC942}") = "Photodeal", "Photodeal.vcxproj", "{A948652D-E729-6D56-DD2F-1F663CFC745F}"
EndProject
Global
	GlobalSection(SolutionConfigurationPlatforms) = preSolution
		Debug|Win32 = Debug|Win32
	EndGlobalSection
	GlobalSection(ProjectConfigurationPlatforms) = postSolution
		{A948652D-E729-6D56-DD2F-1F663CFC745F}.Debug|Win32.ActiveCfg = Debug|Win32
		{A948652D-E729-6D56-DD2F-1F663CFC745F}.Debug|Win32.Build.0 = Debug|Win32
	EndGlobalSection
	GlobalSection(SolutionProperties) = preSolution
		HideSolutionNode = FALSE
	EndGlobalSection
EndGlobal
